
Microsoft Visual Studio Solution File, Format Version 12.00
# Visual Studio Version 16
VisualStudioVersion = 16.0.30804.86
MinimumVisualStudioVersion = 10.0.40219.1
Project("{FAE04EC0-301F-11D3-BF4B-00C04F79EFBC}") = "LayoutDesigner", "LayoutDesigner\LayoutDesigner.csproj", "{08B77BAC-4B0B-4A37-A69B-10EF74E0E7D5}"
EndProject
Project("{FAE04EC0-301F-11D3-BF4B-00C04F79EFBC}") = "TestApp", "TestApp\TestApp.csproj", "{2C8F7873-639D-43E3-9258-EE390B66859D}"
EndProject
Global
	GlobalSection(SolutionConfigurationPlatforms) = preSolution
		Debug|Any CPU = Debug|Any CPU
		Release|Any CPU = Release|Any CPU
	EndGlobalSection
	GlobalSection(ProjectConfigurationPlatforms) = postSolution
		{08B77BAC-4B0B-4A37-A69B-10EF74E0E7D5}.Debug|Any CPU.ActiveCfg = Debug|Any CPU
		{08B77BAC-4B0B-4A37-A69B-10EF74E0E7D5}.Debug|Any CPU.Build.0 = Debug|Any CPU
		{08B77BAC-4B0B-4A37-A69B-10EF74E0E7D5}.Release|Any CPU.ActiveCfg = Release|Any CPU
		{08B77BAC-4B0B-4A37-A69B-10EF74E0E7D5}.Release|Any CPU.Build.0 = Release|Any CPU
		{2C8F7873-639D-43E3-9258-EE390B66859D}.Debug|Any CPU.ActiveCfg = Debug|Any CPU
		{2C8F7873-639D-43E3-9258-EE390B66859D}.Debug|Any CPU.Build.0 = Debug|Any CPU
		{2C8F7873-639D-43E3-9258-EE390B66859D}.Release|Any CPU.ActiveCfg = Release|Any CPU
		{2C8F7873-639D-43E3-9258-EE390B66859D}.Release|Any CPU.Build.0 = Release|Any CPU
	EndGlobalSection
	GlobalSection(SolutionProperties) = preSolution
		HideSolutionNode = FALSE
	EndGlobalSection
	GlobalSection(ExtensibilityGlobals) = postSolution
		SolutionGuid = {489AFC9E-8150-4E7B-82BC-EFA68B513B9F}
	EndGlobalSection
EndGlobal
